// !$*UTF8*$!
{
	archiveVersion = 1;
	classes = {
	};
	objectVersion = 46;
	objects = {

/* Begin PBXBuildFile section */
		631712661DDF2C1900FFCFA9 /* main.m in Sources */ = {isa = PBXBuildFile; fileRef = 631712651DDF2C1900FFCFA9 /* main.m */; };
		6317126E1DDF2C4C00FFCFA9 /* NSObject+reverseString.m in Sources */ = {isa = PBXBuildFile; fileRef = 6317126D1DDF2C4C00FFCFA9 /* NSObject+reverseString.m */; };
/* End PBXBuildFile section */

/* Begin PBXCopyFilesBuildPhase section */
		631712601DDF2C1900FFCFA9 /* CopyFiles */ = {
			isa = PBXCopyFilesBuildPhase;
			buildActionMask = 2147483647;
			dstPath = /usr/share/man/man1/;
			dstSubfolderSpec = 0;
			files = (
			);
			runOnlyForDeploymentPostprocessing = 1;
		};
/* End PBXCopyFilesBuildPhase section */

/* Begin PBXFileReference section */
		631712621DDF2C1900FFCFA9 /* SKnumONe */ = {isa = PBXFileReference; explicitFileType = "compiled.mach-o.executable"; includeInIndex = 0; path = SKnumONe; sourceTree = BUILT_PRODUCTS_DIR; };
		631712651DDF2C1900FFCFA9 /* main.m */ = {isa = PBXFileReference; lastKnownFileType = sourcecode.c.objc; path = main.m; sourceTree = "<group>"; };
		6317126C1DDF2C4C00FFCFA9 /* NSObject+reverseString.h */ = {isa = PBXFileReference; fileEncoding = 4; lastKnownFileType = sourcecode.c.h; path = "NSObject+reverseString.h"; sourceTree = "<group>"; };
		6317126D1DDF2C4C00FFCFA9 /* NSObject+reverseString.m */ = {isa = PBXFileReference; fileEncoding = 4; lastKnownFileType = sourcecode.c.objc; path = "NSObject+reverseString.m"; sourceTree = "<group>"; };
/* End PBXFileReference section */

/* Begin PBXFrameworksBuildPhase section */
		6317125F1DDF2C1900FFCFA9 /* Frameworks */ = {
			isa = PBXFrameworksBuildPhase;
			buildActionMask = 2147483647;
			files = (
			);
			runOnlyForDeploymentPostprocessing = 0;
		};
/* End PBXFrameworksBuildPhase section */

/* Begin PBXGroup section */
		631712591DDF2C1900FFCFA9 = {
			isa = PBXGroup;
			children = (
				631712641DDF2C1900FFCFA9 /* SKnumONe */,
				631712631DDF2C1900FFCFA9 /* Products */,
			);
			sourceTree = "<group>";
		};
		631712631DDF2C1900FFCFA9 /* Products */ = {
			isa = PBXGroup;
			children = (
				631712621DDF2C1900FFCFA9 /* SKnumONe */,
			);
			name = Products;
			sourceTree = "<group>";
		};
		631712641DDF2C1900FFCFA9 /* SKnumONe */ = {
			isa = PBXGroup;
			children = (
				631712651DDF2C1900FFCFA9 /* main.m */,
				6317126C1DDF2C4C00FFCFA9 /* NSObject+reverseString.h */,
				6317126D1DDF2C4C00FFCFA9 /* NSObject+reverseString.m */,
			);
			path = SKnumONe;
			sourceTree = "<group>";
		};
/* End PBXGroup section */

/* Begin PBXNativeTarget section */
		631712611DDF2C1900FFCFA9 /* SKnumONe */ = {
			isa = PBXNativeTarget;
			buildConfigurationList = 631712691DDF2C1900FFCFA9 /* Build configuration list for PBXNativeTarget "SKnumONe" */;
			buildPhases = (
				6317125E1DDF2C1900FFCFA9 /* Sources */,
				6317125F1DDF2C1900FFCFA9 /* Frameworks */,
				631712601DDF2C1900FFCFA9 /* CopyFiles */,
			);
			buildRules = (
			);
			dependencies = (
			);
			name = SKnumONe;
			productName = SKnumONe;
			productReference = 631712621DDF2C1900FFCFA9 /* SKnumONe */;
			productType = "com.apple.product-type.tool";
		};
/* End PBXNativeTarget section */

/* Begin PBXProject section */
		6317125A1DDF2C1900FFCFA9 /* Project object */ = {
			isa = PBXProject;
			attributes = {
				LastUpgradeCheck = 0730;
				ORGANIZATIONNAME = Siddharth;
				TargetAttributes = {
					631712611DDF2C1900FFCFA9 = {
						CreatedOnToolsVersion = 7.3.1;
					};
				};
			};
			buildConfigurationList = 6317125D1DDF2C1900FFCFA9 /* Build configuration list for PBXProject "SKnumONe" */;
			compatibilityVersion = "Xcode 3.2";
			developmentRegion = English;
			hasScannedForEncodings = 0;
			knownRegions = (
				en,
			);
			mainGroup = 631712591DDF2C1900FFCFA9;
			productRefGroup = 631712631DDF2C1900FFCFA9 /* Products */;
			projectDirPath = "";
			projectRoot = "";
			targets = (
				631712611DDF2C1900FFCFA9 /* SKnumONe */,
			);
		};
/* End PBXProject section */

/* Begin PBXSourcesBuildPhase section */
		6317125E1DDF2C1900FFCFA9 /* Sources */ = {
			isa = PBXSourcesBuildPhase;
			buildActionMask = 2147483647;
			files = (
				631712661DDF2C1900FFCFA9 /* main.m in Sources */,
				6317126E1DDF2C4C00FFCFA9 /* NSObject+reverseString.m in Sources */,
			);
			runOnlyForDeploymentPostprocessing = 0;
		};
/* End PBXSourcesBuildPhase section */

/* Begin XCBuildConfiguration section */
		631712671DDF2C1900FFCFA9 /* Debug */ = {
			isa = XCBuildConfiguration;
			buildSettings = {
				ALWAYS_SEARCH_USER_PATHS = NO;
				CLANG_ANALYZER_NONNULL = YES;
				CLANG_CXX_LANGUAGE_STANDARD = "gnu++0x";
				CLANG_CXX_LIBRARY = "libc++";
				CLANG_ENABLE_MODULES = YES;
				CLANG_ENABLE_OBJC_ARC = YES;
				CLANG_WARN_BOOL_CONVERSION = YES;
				CLANG_WARN_CONSTANT_CONVERSION = YES;
				CLANG_WARN_DIRECT_OBJC_ISA_USAGE = YES_ERROR;
				CLANG_WARN_EMPTY_BODY = YES;
				CLANG_WARN_ENUM_CONVERSION = YES;
				CLANG_WARN_INT_CONVERSION = YES;
				CLANG_WARN_OBJC_ROOT_CLASS = YES_ERROR;
				CLANG_WARN_UNREACHABLE_CODE = YES;
				CLANG_WARN__DUPLICATE_METHOD_MATCH = YES;
				CODE_SIGN_IDENTITY = "-";
				COPY_PHASE_STRIP = NO;
				DEBUG_INFORMATION_FORMAT = dwarf;
				ENABLE_STRICT_OBJC_MSGSEND = YES;
				ENABLE_TESTABILITY = YES;
				GCC_C_LANGUAGE_STANDARD = gnu99;
				GCC_DYNAMIC_NO_PIC = NO;
				GCC_NO_COMMON_BLOCKS = YES;
				GCC_OPTIMIZATION_LEVEL = 0;
				GCC_PREPROCESSOR_DEFINITIONS = (
					"DEBUG=1",
					"$(inherited)",
				);
				GCC_WARN_64_TO_32_BIT_CONVERSION = YES;
				GCC_WARN_ABOUT_RETURN_TYPE = YES_ERROR;
				GCC_WARN_UNDECLARED_SELECTOR = YES;
				GCC_WARN_UNINITIALIZED_AUTOS = YES_AGGRESSIVE;
				GCC_WARN_UNUSED_FUNCTION = YES;
				GCC_WARN_UNUSED_VARIABLE = YES;
				MACOSX_DEPLOYMENT_TARGET = 10.11;
				MTL_ENABLE_DEBUG_INFO = YES;
				ONLY_ACTIVE_ARCH = YES;
				SDKROOT = macosx;
			};
			name = Debug;
		};
		631712681DDF2C1900FFCFA9 /* Release */ = {
			isa = XCBuildConfiguration;
			buildSettings = {
				ALWAYS_SEARCH_USER_PATHS = NO;
				CLANG_ANALYZER_NONNULL = YES;
				CLANG_CXX_LANGUAGE_STANDARD = "gnu++0x";
				CLANG_CXX_LIBRARY = "libc++";
				CLANG_ENABLE_MODULES = YES;
				CLANG_ENABLE_OBJC_ARC = YES;
				CLANG_WARN_BOOL_CONVERSION = YES;
				CLANG_WARN_CONSTANT_CONVERSION = YES;
				CLANG_WARN_DIRECT_OBJC_ISA_USAGE = YES_ERROR;
				CLANG_WARN_EMPTY_BODY = YES;
				CLANG_WARN_ENUM_CONVERSION = YES;
				CLANG_WARN_INT_CONVERSION = YES;
				CLANG_WARN_OBJC_ROOT_CLASS = YES_ERROR;
				CLANG_WARN_UNREACHABLE_CODE = YES;
				CLANG_WARN__DUPLICATE_METHOD_MATCH = YES;
				CODE_SIGN_IDENTITY = "-";
				COPY_PHASE_STRIP = NO;
				DEBUG_INFORMATION_FORMAT = "dwarf-with-dsym";
				ENABLE_NS_ASSERTIONS = NO;
				ENABLE_STRICT_OBJC_MSGSEND = YES;
				GCC_C_LANGUAGE_STANDARD = gnu99;
				GCC_NO_COMMON_BLOCKS = YES;
				GCC_WARN_64_TO_32_BIT_CONVERSION = YES;
				GCC_WARN_ABOUT_RETURN_TYPE = YES_ERROR;
				GCC_WARN_UNDECLARED_SELECTOR = YES;
				GCC_WARN_UNINITIALIZED_AUTOS = YES_AGGRESSIVE;
				GCC_WARN_UNUSED_FUNCTION = YES;
				GCC_WARN_UNUSED_VARIABLE = YES;
				MACOSX_DEPLOYMENT_TARGET = 10.11;
				MTL_ENABLE_DEBUG_INFO = NO;
				SDKROOT = macosx;
			};
			name = Release;
		};
		6317126A1DDF2C1900FFCFA9 /* Debug */ = {
			isa = XCBuildConfiguration;
			buildSettings = {
				PRODUCT_NAME = "$(TARGET_NAME)";
			};
			name = Debug;
		};
		6317126B1DDF2C1900FFCFA9 /* Release */ = {
			isa = XCBuildConfiguration;
			buildSettings = {
				PRODUCT_NAME = "$(TARGET_NAME)";
			};
			name = Release;
		};
/* End XCBuildConfiguration section */

/* Begin XCConfigurationList section */
		6317125D1DDF2C1900FFCFA9 /* Build configuration list for PBXProject "SKnumONe" */ = {
			isa = XCConfigurationList;
			buildConfigurations = (
				631712671DDF2C1900FFCFA9 /* Debug */,
				631712681DDF2C1900FFCFA9 /* Release */,
			);
			defaultConfigurationIsVisible = 0;
			defaultConfigurationName = Release;
		};
		631712691DDF2C1900FFCFA9 /* Build configuration list for PBXNativeTarget "SKnumONe" */ = {
			isa = XCConfigurationList;
			buildConfigurations = (
				6317126A1DDF2C1900FFCFA9 /* Debug */,
				6317126B1DDF2C1900FFCFA9 /* Release */,
			);
			defaultConfigurationIsVisible = 0;
		};
/* End XCConfigurationList section */
	};
	rootObject = 6317125A1DDF2C1900FFCFA9 /* Project object */;
}
